{
  "nodes": {
    "agenix": {
      "inputs": {
        "darwin": "darwin",
        "home-manager": "home-manager",
        "nixpkgs": "nixpkgs",
        "systems": "systems"
      },
      "locked": {
        "lastModified": 1707830867,
        "narHash": "sha256-PAdwm5QqdlwIqGrfzzvzZubM+FXtilekQ/FA0cI49/o=",
        "owner": "ryantm",
        "repo": "agenix",
        "rev": "8cb01a0e717311680e0cbca06a76cbceba6f3ed6",
        "type": "github"
      },
      "original": {
        "owner": "ryantm",
        "repo": "agenix",
        "type": "github"
      }
    },
    "base16": {
      "inputs": {
        "fromYaml": "fromYaml"
      },
      "locked": {
        "lastModified": 1708890466,
        "narHash": "sha256-LlrC09LoPi8OPYOGPXegD72v+//VapgAqhbOFS3i8sc=",
        "owner": "SenchoPens",
        "repo": "base16.nix",
        "rev": "665b3c6748534eb766c777298721cece9453fdae",
        "type": "github"
      },
      "original": {
        "owner": "SenchoPens",
        "repo": "base16.nix",
        "type": "github"
      }
    },
    "base16-alacritty": {
      "flake": false,
      "locked": {
        "lastModified": 1703982197,
        "narHash": "sha256-TNxKbwdiUXGi4Z4chT72l3mt3GSvOcz6NZsUH8bQU/k=",
        "owner": "aarowill",
        "repo": "base16-alacritty",
        "rev": "c95c200b3af739708455a03b5d185d3d2d263c6e",
        "type": "github"
      },
      "original": {
        "owner": "aarowill",
        "repo": "base16-alacritty",
        "type": "github"
      }
    },
    "base16-alacritty-yaml": {
      "flake": false,
      "locked": {
        "lastModified": 1674275109,
        "narHash": "sha256-Adwx9yP70I6mJrjjODOgZJjt4OPPe8gJu7UuBboXO4M=",
        "owner": "aarowill",
        "repo": "base16-alacritty",
        "rev": "63d8ae5dfefe5db825dd4c699d0cdc2fc2c3eaf7",
        "type": "github"
      },
      "original": {
        "owner": "aarowill",
        "repo": "base16-alacritty",
        "rev": "63d8ae5dfefe5db825dd4c699d0cdc2fc2c3eaf7",
        "type": "github"
      }
    },
    "base16-fish": {
      "flake": false,
      "locked": {
        "lastModified": 1622559957,
        "narHash": "sha256-PebymhVYbL8trDVVXxCvZgc0S5VxI7I1Hv4RMSquTpA=",
        "owner": "tomyun",
        "repo": "base16-fish",
        "rev": "2f6dd973a9075dabccd26f1cded09508180bf5fe",
        "type": "github"
      },
      "original": {
        "owner": "tomyun",
        "repo": "base16-fish",
        "type": "github"
      }
    },
    "base16-foot": {
      "flake": false,
      "locked": {
        "lastModified": 1696725948,
        "narHash": "sha256-65bz2bUL/yzZ1c8/GQASnoiGwaF8DczlxJtzik1c0AU=",
        "owner": "tinted-theming",
        "repo": "base16-foot",
        "rev": "eedbcfa30de0a4baa03e99f5e3ceb5535c2755ce",
        "type": "github"
      },
      "original": {
        "owner": "tinted-theming",
        "repo": "base16-foot",
        "type": "github"
      }
    },
    "base16-helix": {
      "flake": false,
      "locked": {
        "lastModified": 1696727917,
        "narHash": "sha256-FVrbPk+NtMra0jtlC5oxyNchbm8FosmvXIatkRbYy1g=",
        "owner": "tinted-theming",
        "repo": "base16-helix",
        "rev": "dbe1480d99fe80f08df7970e471fac24c05f2ddb",
        "type": "github"
      },
      "original": {
        "owner": "tinted-theming",
        "repo": "base16-helix",
        "type": "github"
      }
    },
    "base16-kitty": {
      "flake": false,
      "locked": {
        "lastModified": 1665001328,
        "narHash": "sha256-aRaizTYPpuWEcvoYE9U+YRX+Wsc8+iG0guQJbvxEdJY=",
        "owner": "kdrag0n",
        "repo": "base16-kitty",
        "rev": "06bb401fa9a0ffb84365905ffbb959ae5bf40805",
        "type": "github"
      },
      "original": {
        "owner": "kdrag0n",
        "repo": "base16-kitty",
        "type": "github"
      }
    },
    "base16-tmux": {
      "flake": false,
      "locked": {
        "lastModified": 1696725902,
        "narHash": "sha256-wDPg5elZPcQpu7Df0lI5O8Jv4A3T6jUQIVg63KDU+3Q=",
        "owner": "tinted-theming",
        "repo": "base16-tmux",
        "rev": "c02050bebb60dbb20cb433cd4d8ce668ecc11ba7",
        "type": "github"
      },
      "original": {
        "owner": "tinted-theming",
        "repo": "base16-tmux",
        "type": "github"
      }
    },
    "base16-vim": {
      "flake": false,
      "locked": {
        "lastModified": 1663659192,
        "narHash": "sha256-uJvaYYDMXvoo0fhBZUhN8WBXeJ87SRgof6GEK2efFT0=",
        "owner": "chriskempson",
        "repo": "base16-vim",
        "rev": "3be3cd82cd31acfcab9a41bad853d9c68d30478d",
        "type": "github"
      },
      "original": {
        "owner": "chriskempson",
        "repo": "base16-vim",
        "type": "github"
      }
    },
    "crane": {
      "inputs": {
        "nixpkgs": [
          "helix",
          "nixpkgs"
        ]
      },
      "locked": {
        "lastModified": 1709610799,
        "narHash": "sha256-5jfLQx0U9hXbi2skYMGodDJkIgffrjIOgMRjZqms2QE=",
        "owner": "ipetkov",
        "repo": "crane",
        "rev": "81c393c776d5379c030607866afef6406ca1be57",
        "type": "github"
      },
      "original": {
        "owner": "ipetkov",
        "repo": "crane",
        "type": "github"
      }
    },
    "crane_2": {
      "inputs": {
        "nixpkgs": [
          "typst",
          "nixpkgs"
        ]
      },
      "locked": {
        "lastModified": 1698166613,
        "narHash": "sha256-y4rdN4flxRiROqNi1waMYIZj/Fs7L2OrszFk/1ry9vU=",
        "owner": "ipetkov",
        "repo": "crane",
        "rev": "b7db46f0f1751f7b1d1911f6be7daf568ad5bc65",
        "type": "github"
      },
      "original": {
        "owner": "ipetkov",
        "repo": "crane",
        "type": "github"
      }
    },
    "darwin": {
      "inputs": {
        "nixpkgs": [
          "agenix",
          "nixpkgs"
        ]
      },
      "locked": {
        "lastModified": 1700795494,
        "narHash": "sha256-gzGLZSiOhf155FW7262kdHo2YDeugp3VuIFb4/GGng0=",
        "owner": "lnl7",
        "repo": "nix-darwin",
        "rev": "4b9b83d5a92e8c1fbfd8eb27eda375908c11ec4d",
        "type": "github"
      },
      "original": {
        "owner": "lnl7",
        "ref": "master",
        "repo": "nix-darwin",
        "type": "github"
      }
    },
    "disko": {
      "inputs": {
        "nixpkgs": [
          "nixpkgs"
        ]
      },
      "locked": {
        "lastModified": 1710332572,
        "narHash": "sha256-7JYT5Qya6QuM2szCrdVcNghoz7ar+ClzaqKJ4cfJaKQ=",
        "owner": "nix-community",
        "repo": "disko",
        "rev": "59e50d4ecbac78701c2f9950ff2b886ac66741ce",
        "type": "github"
      },
      "original": {
        "owner": "nix-community",
        "repo": "disko",
        "type": "github"
      }
    },
    "emacs": {
      "inputs": {
        "flake-utils": "flake-utils_2",
        "nixpkgs": "nixpkgs_4",
        "nixpkgs-stable": "nixpkgs-stable"
      },
      "locked": {
        "lastModified": 1710294321,
        "narHash": "sha256-h24aWEjBi1VqC+XsCsP7dEd8+uZP380zDZjHgMV8aa8=",
        "owner": "nix-community",
        "repo": "emacs-overlay",
        "rev": "69e03a148e6c604aed3579d81989aabccbba4d67",
        "type": "github"
      },
      "original": {
        "owner": "nix-community",
        "repo": "emacs-overlay",
        "type": "github"
      }
    },
    "fenix": {
      "inputs": {
        "nixpkgs": [
          "nixpkgs-f2k",
          "nixpkgs-fmt",
          "nixpkgs"
        ],
        "rust-analyzer-src": "rust-analyzer-src"
      },
      "locked": {
        "lastModified": 1637475807,
        "narHash": "sha256-E3nzOvlzZXwyo8Stp5upKsTCDcqUTYAFj4EC060A31c=",
        "owner": "nix-community",
        "repo": "fenix",
        "rev": "960e7fef45692a4fffc6df6d6b613b0399bbdfd5",
        "type": "github"
      },
      "original": {
        "owner": "nix-community",
        "repo": "fenix",
        "type": "github"
      }
    },
    "flake-compat": {
      "flake": false,
      "locked": {
        "lastModified": 1673956053,
        "narHash": "sha256-4gtG9iQuiKITOjNQQeQIpoIB6b16fm+504Ch3sNKLd8=",
        "owner": "edolstra",
        "repo": "flake-compat",
        "rev": "35bb57c0c8d8b62bbfd284272c928ceb64ddbde9",
        "type": "github"
      },
      "original": {
        "owner": "edolstra",
        "repo": "flake-compat",
        "type": "github"
      }
    },
    "flake-parts": {
      "inputs": {
        "nixpkgs-lib": "nixpkgs-lib_2"
      },
      "locked": {
        "lastModified": 1696343447,
        "narHash": "sha256-B2xAZKLkkeRFG5XcHHSXXcP7To9Xzr59KXeZiRf4vdQ=",
        "owner": "hercules-ci",
        "repo": "flake-parts",
        "rev": "c9afaba3dfa4085dbd2ccb38dfade5141e33d9d4",
        "type": "github"
      },
      "original": {
        "id": "flake-parts",
        "type": "indirect"
      }
    },
    "flake-utils": {
      "inputs": {
        "systems": "systems_2"
      },
      "locked": {
        "lastModified": 1709126324,
        "narHash": "sha256-q6EQdSeUZOG26WelxqkmR7kArjgWCdw5sfJVHPH/7j8=",
        "owner": "numtide",
        "repo": "flake-utils",
        "rev": "d465f4819400de7c8d874d50b982301f28a84605",
        "type": "github"
      },
      "original": {
        "owner": "numtide",
        "repo": "flake-utils",
        "type": "github"
      }
    },
    "flake-utils_2": {
      "inputs": {
        "systems": "systems_3"
      },
      "locked": {
        "lastModified": 1710146030,
        "narHash": "sha256-SZ5L6eA7HJ/nmkzGG7/ISclqe6oZdOZTNoesiInkXPQ=",
        "owner": "numtide",
        "repo": "flake-utils",
        "rev": "b1d9ab70662946ef0850d488da1c9019f3a9752a",
        "type": "github"
      },
      "original": {
        "owner": "numtide",
        "repo": "flake-utils",
        "type": "github"
      }
    },
    "flake-utils_3": {
      "locked": {
        "lastModified": 1637014545,
        "narHash": "sha256-26IZAc5yzlD9FlDT54io1oqG/bBoyka+FJk5guaX4x4=",
        "owner": "numtide",
        "repo": "flake-utils",
        "rev": "bba5dcc8e0b20ab664967ad83d24d64cb64ec4f4",
        "type": "github"
      },
      "original": {
        "owner": "numtide",
        "repo": "flake-utils",
        "type": "github"
      }
    },
    "flake-utils_4": {
      "inputs": {
        "systems": "systems_4"
      },
      "locked": {
        "lastModified": 1681202837,
        "narHash": "sha256-H+Rh19JDwRtpVPAWp64F+rlEtxUWBAQW28eAi3SRSzg=",
        "owner": "numtide",
        "repo": "flake-utils",
        "rev": "cfacdce06f30d2b68473a46042957675eebb3401",
        "type": "github"
      },
      "original": {
        "owner": "numtide",
        "repo": "flake-utils",
        "type": "github"
      }
    },
    "flake-utils_5": {
      "inputs": {
        "systems": "systems_6"
      },
      "locked": {
        "lastModified": 1694529238,
        "narHash": "sha256-zsNZZGTGnMOf9YpHKJqMSsa0dXbfmxeoJ7xHlrt+xmY=",
        "owner": "numtide",
        "repo": "flake-utils",
        "rev": "ff7b65b44d01cf9ba6a71320833626af21126384",
        "type": "github"
      },
      "original": {
        "owner": "numtide",
        "repo": "flake-utils",
        "type": "github"
      }
    },
    "fromYaml": {
      "flake": false,
      "locked": {
        "lastModified": 1689549921,
        "narHash": "sha256-iX0pk/uB019TdBGlaJEWvBCfydT6sRq+eDcGPifVsCM=",
        "owner": "SenchoPens",
        "repo": "fromYaml",
        "rev": "11fbbbfb32e3289d3c631e0134a23854e7865c84",
        "type": "github"
      },
      "original": {
        "owner": "SenchoPens",
        "repo": "fromYaml",
        "type": "github"
      }
    },
    "gnome-shell": {
      "flake": false,
      "locked": {
        "lastModified": 1698794309,
        "narHash": "sha256-/TIkZ8y5Wv3QHLFp79Poao9fINurKs5pa4z0CRe+F8s=",
        "owner": "GNOME",
        "repo": "gnome-shell",
        "rev": "a7c169c6c29cf02a4c392fa0acbbc5f5072823e7",
        "type": "github"
      },
      "original": {
        "owner": "GNOME",
        "ref": "45.1",
        "repo": "gnome-shell",
        "type": "github"
      }
    },
    "helix": {
      "inputs": {
        "crane": "crane",
        "flake-utils": "flake-utils",
        "nixpkgs": "nixpkgs_2",
        "rust-overlay": "rust-overlay"
      },
      "locked": {
        "lastModified": 1710305275,
        "narHash": "sha256-E1OJZqWetL849r1MEiNxPPLDjlCtn3xiohXAwFRz1uk=",
        "owner": "helix-editor",
        "repo": "helix",
        "rev": "3915b04bd91084477b3076952e6ad6cfdd414e72",
        "type": "github"
      },
      "original": {
        "owner": "helix-editor",
        "repo": "helix",
        "type": "github"
      }
    },
    "home-manager": {
      "inputs": {
        "nixpkgs": [
          "agenix",
          "nixpkgs"
        ]
      },
      "locked": {
        "lastModified": 1703113217,
        "narHash": "sha256-7ulcXOk63TIT2lVDSExj7XzFx09LpdSAPtvgtM7yQPE=",
        "owner": "nix-community",
        "repo": "home-manager",
        "rev": "3bfaacf46133c037bb356193bd2f1765d9dc82c1",
        "type": "github"
      },
      "original": {
        "owner": "nix-community",
        "repo": "home-manager",
        "type": "github"
      }
    },
    "home-manager_2": {
      "inputs": {
        "nixpkgs": [
          "nixpkgs"
        ]
      },
      "locked": {
        "lastModified": 1710349883,
        "narHash": "sha256-bjbdS2mC76xNJwt1d/uZa+JdHR8CCyYbF4Ey/NgOJus=",
        "owner": "nix-community",
        "repo": "home-manager",
        "rev": "2f0db7d418e781354d8a3c50e611e3b1cd413087",
        "type": "github"
      },
      "original": {
        "owner": "nix-community",
        "ref": "master",
        "repo": "home-manager",
        "type": "github"
      }
    },
    "home-manager_3": {
      "inputs": {
        "nixpkgs": [
          "stylix",
          "nixpkgs"
        ]
      },
      "locked": {
        "lastModified": 1706001011,
        "narHash": "sha256-J7Bs9LHdZubgNHZ6+eE/7C18lZ1P6S5/zdJSdXFItI4=",
        "owner": "nix-community",
        "repo": "home-manager",
        "rev": "3df2a80f3f85f91ea06e5e91071fa74ba92e5084",
        "type": "github"
      },
      "original": {
        "owner": "nix-community",
        "repo": "home-manager",
        "type": "github"
      }
    },
    "naersk": {
      "inputs": {
        "nixpkgs": "nixpkgs_6"
      },
      "locked": {
        "lastModified": 1679567394,
        "narHash": "sha256-ZvLuzPeARDLiQUt6zSZFGOs+HZmE+3g4QURc8mkBsfM=",
        "owner": "nix-community",
        "repo": "naersk",
        "rev": "88cd22380154a2c36799fe8098888f0f59861a15",
        "type": "github"
      },
      "original": {
        "owner": "nix-community",
        "repo": "naersk",
        "type": "github"
      }
    },
    "nixpkgs": {
      "locked": {
        "lastModified": 1703013332,
        "narHash": "sha256-+tFNwMvlXLbJZXiMHqYq77z/RfmpfpiI3yjL6o/Zo9M=",
        "owner": "NixOS",
        "repo": "nixpkgs",
        "rev": "54aac082a4d9bb5bbc5c4e899603abfb76a3f6d6",
        "type": "github"
      },
      "original": {
        "owner": "NixOS",
        "ref": "nixos-unstable",
        "repo": "nixpkgs",
        "type": "github"
      }
    },
    "nixpkgs-f2k": {
      "inputs": {
        "emacs": "emacs",
        "nixpkgs": "nixpkgs_5",
        "nixpkgs-fmt": "nixpkgs-fmt",
        "parts": "parts"
      },
      "locked": {
        "lastModified": 1710296700,
        "narHash": "sha256-GggzUXkykINIWcIhFx9ycu3Xb36SxjzRquuRxxqbgWc=",
        "owner": "moni-dz",
        "repo": "nixpkgs-f2k",
        "rev": "8dfe1cbb331bcb504f6cc2369af949ed59d33c14",
        "type": "github"
      },
      "original": {
        "owner": "moni-dz",
        "repo": "nixpkgs-f2k",
        "type": "github"
      }
    },
    "nixpkgs-fmt": {
      "inputs": {
        "fenix": "fenix",
        "flake-utils": "flake-utils_3",
        "nixpkgs": [
          "nixpkgs-f2k",
          "nixpkgs"
        ]
      },
      "locked": {
        "lastModified": 1710146057,
        "narHash": "sha256-GLZNcoQT3AWGg1ZINKOgHcD1/LgDStI6hZbfsisjOgM=",
        "owner": "nix-community",
        "repo": "nixpkgs-fmt",
        "rev": "f048515c9a98d7e2e4b034ec77641acc8a58098d",
        "type": "github"
      },
      "original": {
        "owner": "nix-community",
        "repo": "nixpkgs-fmt",
        "type": "github"
      }
    },
    "nixpkgs-lib": {
      "locked": {
        "dir": "lib",
        "lastModified": 1709237383,
        "narHash": "sha256-cy6ArO4k5qTx+l5o+0mL9f5fa86tYUX3ozE1S+Txlds=",
        "owner": "NixOS",
        "repo": "nixpkgs",
        "rev": "1536926ef5621b09bba54035ae2bb6d806d72ac8",
        "type": "github"
      },
      "original": {
        "dir": "lib",
        "owner": "NixOS",
        "ref": "nixos-unstable",
        "repo": "nixpkgs",
        "type": "github"
      }
    },
    "nixpkgs-lib_2": {
      "locked": {
        "dir": "lib",
        "lastModified": 1696019113,
        "narHash": "sha256-X3+DKYWJm93DRSdC5M6K5hLqzSya9BjibtBsuARoPco=",
        "owner": "NixOS",
        "repo": "nixpkgs",
        "rev": "f5892ddac112a1e9b3612c39af1b72987ee5783a",
        "type": "github"
      },
      "original": {
        "dir": "lib",
        "owner": "NixOS",
        "ref": "nixos-unstable",
        "repo": "nixpkgs",
        "type": "github"
      }
    },
    "nixpkgs-master": {
      "locked": {
        "lastModified": 1710372031,
        "narHash": "sha256-xCASt3qG0wzslnrQfTz7VHCS0NdbZs4WcyAFOUYFdVw=",
        "owner": "NixOS",
        "repo": "nixpkgs",
        "rev": "6a7946326b96cb8ec36d2c94f0897e0b2149e9e5",
        "type": "github"
      },
      "original": {
        "id": "nixpkgs",
        "ref": "master",
        "type": "indirect"
      }
    },
    "nixpkgs-stable": {
      "locked": {
        "lastModified": 1710162809,
        "narHash": "sha256-i2R2bcnQp+85de67yjgZVvJhd6rRnJbSYNpGmB6Leb8=",
        "owner": "NixOS",
        "repo": "nixpkgs",
        "rev": "ddcd7598b2184008c97e6c9c6a21c5f37590b8d2",
        "type": "github"
      },
      "original": {
        "owner": "NixOS",
        "ref": "nixos-23.11",
        "repo": "nixpkgs",
        "type": "github"
      }
    },
    "nixpkgs-stable_2": {
      "locked": {
        "lastModified": 1704290814,
        "narHash": "sha256-LWvKHp7kGxk/GEtlrGYV68qIvPHkU9iToomNFGagixU=",
        "owner": "NixOS",
        "repo": "nixpkgs",
        "rev": "70bdadeb94ffc8806c0570eb5c2695ad29f0e421",
        "type": "github"
      },
      "original": {
        "id": "nixpkgs",
        "ref": "nixos-23.05",
        "type": "indirect"
      }
    },
    "nixpkgs_10": {
      "locked": {
        "lastModified": 1701174899,
        "narHash": "sha256-1W+FMe8mWsJKXoBc+QgKmEeRj33kTFnPq7XCjU+bfnA=",
        "owner": "NixOS",
        "repo": "nixpkgs",
        "rev": "010c7296f3b19a58b206fdf7d68d75a5b0a09e9e",
        "type": "github"
      },
      "original": {
        "owner": "NixOS",
        "ref": "nixpkgs-unstable",
        "repo": "nixpkgs",
        "type": "github"
      }
    },
    "nixpkgs_2": {
      "locked": {
        "lastModified": 1709479366,
        "narHash": "sha256-n6F0n8UV6lnTZbYPl1A9q1BS0p4hduAv1mGAP17CVd0=",
        "owner": "nixos",
        "repo": "nixpkgs",
        "rev": "b8697e57f10292a6165a20f03d2f42920dfaf973",
        "type": "github"
      },
      "original": {
        "owner": "nixos",
        "ref": "nixos-unstable",
        "repo": "nixpkgs",
        "type": "github"
      }
    },
    "nixpkgs_3": {
      "locked": {
        "lastModified": 1710272261,
        "narHash": "sha256-g0bDwXFmTE7uGDOs9HcJsfLFhH7fOsASbAuOzDC+fhQ=",
        "owner": "NixOS",
        "repo": "nixpkgs",
        "rev": "0ad13a6833440b8e238947e47bea7f11071dc2b2",
        "type": "github"
      },
      "original": {
        "id": "nixpkgs",
        "ref": "nixos-unstable",
        "type": "indirect"
      }
    },
    "nixpkgs_4": {
      "locked": {
        "lastModified": 1709961763,
        "narHash": "sha256-6H95HGJHhEZtyYA3rIQpvamMKAGoa8Yh2rFV29QnuGw=",
        "owner": "NixOS",
        "repo": "nixpkgs",
        "rev": "3030f185ba6a4bf4f18b87f345f104e6a6961f34",
        "type": "github"
      },
      "original": {
        "owner": "NixOS",
        "ref": "nixos-unstable",
        "repo": "nixpkgs",
        "type": "github"
      }
    },
    "nixpkgs_5": {
      "locked": {
        "lastModified": 1710296443,
        "narHash": "sha256-HrJoJkGx3nkrdIP04n5dNmOhmSk+Je33wqty/Hg8x7w=",
        "owner": "NixOS",
        "repo": "nixpkgs",
        "rev": "2dd8b30c330af5f09b7dcb924940ae0f5188e692",
        "type": "github"
      },
      "original": {
        "owner": "NixOS",
        "ref": "master",
        "repo": "nixpkgs",
        "type": "github"
      }
    },
    "nixpkgs_6": {
      "locked": {
        "lastModified": 1683777345,
        "narHash": "sha256-V2p/A4RpEGqEZussOnHYMU6XglxBJGCODdzoyvcwig8=",
        "owner": "NixOS",
        "repo": "nixpkgs",
        "rev": "635a306fc8ede2e34cb3dd0d6d0a5d49362150ed",
        "type": "github"
      },
      "original": {
        "id": "nixpkgs",
        "type": "indirect"
      }
    },
    "nixpkgs_7": {
      "locked": {
        "lastModified": 1683777345,
        "narHash": "sha256-V2p/A4RpEGqEZussOnHYMU6XglxBJGCODdzoyvcwig8=",
        "owner": "NixOS",
        "repo": "nixpkgs",
        "rev": "635a306fc8ede2e34cb3dd0d6d0a5d49362150ed",
        "type": "github"
      },
      "original": {
        "owner": "NixOS",
        "ref": "nixpkgs-unstable",
        "repo": "nixpkgs",
        "type": "github"
      }
    },
    "nixpkgs_8": {
      "locked": {
        "lastModified": 1700856099,
        "narHash": "sha256-RnEA7iJ36Ay9jI0WwP+/y4zjEhmeN6Cjs9VOFBH7eVQ=",
        "owner": "NixOS",
        "repo": "nixpkgs",
        "rev": "0bd59c54ef06bc34eca01e37d689f5e46b3fe2f1",
        "type": "github"
      },
      "original": {
        "owner": "NixOS",
        "ref": "nixpkgs-unstable",
        "repo": "nixpkgs",
        "type": "github"
      }
    },
    "nixpkgs_9": {
      "locked": {
        "lastModified": 1706371002,
        "narHash": "sha256-dwuorKimqSYgyu8Cw6ncKhyQjUDOyuXoxDTVmAXq88s=",
        "owner": "nixos",
        "repo": "nixpkgs",
        "rev": "c002c6aa977ad22c60398daaa9be52f2203d0006",
        "type": "github"
      },
      "original": {
        "owner": "nixos",
        "ref": "nixos-unstable",
        "repo": "nixpkgs",
        "type": "github"
      }
    },
    "nur": {
      "locked": {
        "lastModified": 1710371837,
        "narHash": "sha256-fqw+dv2i3geucbKkJcPqNsrdidZk6wiWWhUSLZGHzyE=",
        "owner": "nix-community",
        "repo": "NUR",
        "rev": "dbc008cf8837db599848d1fa3e65500d46fdb7e4",
        "type": "github"
      },
      "original": {
        "owner": "nix-community",
        "repo": "NUR",
        "type": "github"
      }
    },
    "organize": {
      "inputs": {
        "flake-utils": "flake-utils_4",
        "naersk": "naersk",
        "nixpkgs": "nixpkgs_7"
      },
      "locked": {
        "lastModified": 1697650669,
        "narHash": "sha256-X2lWmOA7Ro/y8iEclz6iIthTr/JMCmfJOUJ1DASJxpM=",
        "owner": "cbr9",
        "repo": "organizer",
        "rev": "cf5e6a51aa72c6a392de41c7b3e0546420286dd1",
        "type": "github"
      },
      "original": {
        "owner": "cbr9",
        "repo": "organizer",
        "type": "github"
      }
    },
    "parts": {
      "inputs": {
        "nixpkgs-lib": "nixpkgs-lib"
      },
      "locked": {
        "lastModified": 1709336216,
        "narHash": "sha256-Dt/wOWeW6Sqm11Yh+2+t0dfEWxoMxGBvv3JpIocFl9E=",
        "owner": "hercules-ci",
        "repo": "flake-parts",
        "rev": "f7b3c975cf067e56e7cda6cb098ebe3fb4d74ca2",
        "type": "github"
      },
      "original": {
        "owner": "hercules-ci",
        "repo": "flake-parts",
        "type": "github"
      }
    },
    "root": {
      "inputs": {
        "agenix": "agenix",
        "disko": "disko",
        "helix": "helix",
        "home-manager": "home-manager_2",
        "nixpkgs": "nixpkgs_3",
        "nixpkgs-f2k": "nixpkgs-f2k",
        "nixpkgs-master": "nixpkgs-master",
        "nixpkgs-stable": "nixpkgs-stable_2",
        "nur": "nur",
        "organize": "organize",
        "stylix": "stylix",
        "typst": "typst",
        "yazi": "yazi"
      }
    },
    "rust-analyzer-src": {
      "flake": false,
      "locked": {
        "lastModified": 1637439871,
        "narHash": "sha256-2awQ/obzl7zqYgLwbQL0zT58gN8Xq7n+81GcMiS595I=",
        "owner": "rust-analyzer",
        "repo": "rust-analyzer",
        "rev": "4566414789310acb2617543f4b50beab4bb48e06",
        "type": "github"
      },
      "original": {
        "owner": "rust-analyzer",
        "ref": "nightly",
        "repo": "rust-analyzer",
        "type": "github"
      }
    },
    "rust-overlay": {
      "inputs": {
        "flake-utils": [
          "helix",
          "flake-utils"
        ],
        "nixpkgs": [
          "helix",
          "nixpkgs"
        ]
      },
      "locked": {
        "lastModified": 1709604635,
        "narHash": "sha256-le4fwmWmjGRYWwkho0Gr7mnnZndOOe4XGbLw68OvF40=",
        "owner": "oxalica",
        "repo": "rust-overlay",
        "rev": "e86c0fb5d3a22a5f30d7f64ecad88643fe26449d",
        "type": "github"
      },
      "original": {
        "owner": "oxalica",
        "repo": "rust-overlay",
        "type": "github"
      }
    },
    "rust-overlay_2": {
      "inputs": {
        "flake-utils": [
          "yazi",
          "flake-utils"
        ],
        "nixpkgs": [
          "yazi",
          "nixpkgs"
        ]
      },
      "locked": {
        "lastModified": 1701224160,
        "narHash": "sha256-qnMmxNMKmd6Soel0cfauyMJ+LzuZbvmiDQPSIuTbQ+M=",
        "owner": "oxalica",
        "repo": "rust-overlay",
        "rev": "4a080e26d55eaedb95ab1bf8eeaeb84149c10f12",
        "type": "github"
      },
      "original": {
        "owner": "oxalica",
        "repo": "rust-overlay",
        "type": "github"
      }
    },
    "stylix": {
      "inputs": {
        "base16": "base16",
        "base16-alacritty": "base16-alacritty",
        "base16-alacritty-yaml": "base16-alacritty-yaml",
        "base16-fish": "base16-fish",
        "base16-foot": "base16-foot",
        "base16-helix": "base16-helix",
        "base16-kitty": "base16-kitty",
        "base16-tmux": "base16-tmux",
        "base16-vim": "base16-vim",
        "flake-compat": "flake-compat",
        "gnome-shell": "gnome-shell",
        "home-manager": "home-manager_3",
        "nixpkgs": "nixpkgs_8"
      },
      "locked": {
        "lastModified": 1710370221,
        "narHash": "sha256-MkeXZkh1OQ3fiWzDgOUAhguBUPQQZDdF8fhXuLxjTBY=",
        "owner": "danth",
        "repo": "stylix",
        "rev": "bb3a5198782171c4038e50342f3b8579c9eb7eae",
        "type": "github"
      },
      "original": {
        "owner": "danth",
        "repo": "stylix",
        "type": "github"
      }
    },
    "systems": {
      "locked": {
        "lastModified": 1681028828,
        "narHash": "sha256-Vy1rq5AaRuLzOxct8nz4T6wlgyUR7zLU309k9mBC768=",
        "owner": "nix-systems",
        "repo": "default",
        "rev": "da67096a3b9bf56a91d16901293e51ba5b49a27e",
        "type": "github"
      },
      "original": {
        "owner": "nix-systems",
        "repo": "default",
        "type": "github"
      }
    },
    "systems_2": {
      "locked": {
        "lastModified": 1681028828,
        "narHash": "sha256-Vy1rq5AaRuLzOxct8nz4T6wlgyUR7zLU309k9mBC768=",
        "owner": "nix-systems",
        "repo": "default",
        "rev": "da67096a3b9bf56a91d16901293e51ba5b49a27e",
        "type": "github"
      },
      "original": {
        "owner": "nix-systems",
        "repo": "default",
        "type": "github"
      }
    },
    "systems_3": {
      "locked": {
        "lastModified": 1681028828,
        "narHash": "sha256-Vy1rq5AaRuLzOxct8nz4T6wlgyUR7zLU309k9mBC768=",
        "owner": "nix-systems",
        "repo": "default",
        "rev": "da67096a3b9bf56a91d16901293e51ba5b49a27e",
        "type": "github"
      },
      "original": {
        "owner": "nix-systems",
        "repo": "default",
        "type": "github"
      }
    },
    "systems_4": {
      "locked": {
        "lastModified": 1681028828,
        "narHash": "sha256-Vy1rq5AaRuLzOxct8nz4T6wlgyUR7zLU309k9mBC768=",
        "owner": "nix-systems",
        "repo": "default",
        "rev": "da67096a3b9bf56a91d16901293e51ba5b49a27e",
        "type": "github"
      },
      "original": {
        "owner": "nix-systems",
        "repo": "default",
        "type": "github"
      }
    },
    "systems_5": {
      "locked": {
        "lastModified": 1681028828,
        "narHash": "sha256-Vy1rq5AaRuLzOxct8nz4T6wlgyUR7zLU309k9mBC768=",
        "owner": "nix-systems",
        "repo": "default",
        "rev": "da67096a3b9bf56a91d16901293e51ba5b49a27e",
        "type": "github"
      },
      "original": {
        "owner": "nix-systems",
        "repo": "default",
        "type": "github"
      }
    },
    "systems_6": {
      "locked": {
        "lastModified": 1681028828,
        "narHash": "sha256-Vy1rq5AaRuLzOxct8nz4T6wlgyUR7zLU309k9mBC768=",
        "owner": "nix-systems",
        "repo": "default",
        "rev": "da67096a3b9bf56a91d16901293e51ba5b49a27e",
        "type": "github"
      },
      "original": {
        "owner": "nix-systems",
        "repo": "default",
        "type": "github"
      }
    },
    "typst": {
      "inputs": {
        "crane": "crane_2",
        "flake-parts": "flake-parts",
        "nixpkgs": "nixpkgs_9",
        "systems": "systems_5"
      },
      "locked": {
        "lastModified": 1710337560,
        "narHash": "sha256-7FCATk32JfYqYufuLifciaJ2bCxixYVeeVsR5FeIaIY=",
        "owner": "typst",
        "repo": "typst",
        "rev": "7c61ccac71fbdc4fd6fe905f86703b48a53c8d06",
        "type": "github"
      },
      "original": {
        "owner": "typst",
        "repo": "typst",
        "type": "github"
      }
    },
    "yazi": {
      "inputs": {
        "flake-utils": "flake-utils_5",
        "nixpkgs": "nixpkgs_10",
        "rust-overlay": "rust-overlay_2"
      },
      "locked": {
        "lastModified": 1710608619,
        "narHash": "sha256-C4FmZUvHFYNcF6XDJ8cpnILYdkSj3btMT7L7ag6FAy4=",
        "owner": "sxyazi",
        "repo": "yazi",
        "rev": "955e8f59a9461f0fd184315b36ce55fd7077d1ac",
        "type": "github"
      },
      "original": {
        "owner": "sxyazi",
        "repo": "yazi",
        "type": "github"
      }
    }
  },
  "root": "root",
  "version": 7
}
